// !$*UTF8*$!
{
	archiveVersion = 1;
	classes = {
	};
	objectVersion = 50;
	objects = {

/* Begin PBXBuildFile section */
		DCAD920D22CB835C0080FBCA /* AppDelegate.swift in Sources */ = {isa = PBXBuildFile; fileRef = DCAD920C22CB835C0080FBCA /* AppDelegate.swift */; };
		DCAD921622CB835F0080FBCA /* Assets.xcassets in Resources */ = {isa = PBXBuildFile; fileRef = DCAD921522CB835F0080FBCA /* Assets.xcassets */; };
		DCAD921922CB835F0080FBCA /* LaunchScreen.storyboard in Resources */ = {isa = PBXBuildFile; fileRef = DCAD921722CB835F0080FBCA /* LaunchScreen.storyboard */; };
		DCAD922422CB835F0080FBCA /* SFFoodTrucksTests.swift in Sources */ = {isa = PBXBuildFile; fileRef = DCAD922322CB835F0080FBCA /* SFFoodTrucksTests.swift */; };
		DCAD922F22CB835F0080FBCA /* SFFoodTrucksUITests.swift in Sources */ = {isa = PBXBuildFile; fileRef = DCAD922E22CB835F0080FBCA /* SFFoodTrucksUITests.swift */; };
		DCAD923E22CB84DB0080FBCA /* MapViewController.swift in Sources */ = {isa = PBXBuildFile; fileRef = DCAD923C22CB84DB0080FBCA /* MapViewController.swift */; };
		DCAD923F22CB84DB0080FBCA /* MapViewController.xib in Resources */ = {isa = PBXBuildFile; fileRef = DCAD923D22CB84DB0080FBCA /* MapViewController.xib */; };
		DCAD924222CB84F70080FBCA /* ListViewController.swift in Sources */ = {isa = PBXBuildFile; fileRef = DCAD924022CB84F70080FBCA /* ListViewController.swift */; };
		DCAD924322CB84F70080FBCA /* ListViewController.xib in Resources */ = {isa = PBXBuildFile; fileRef = DCAD924122CB84F70080FBCA /* ListViewController.xib */; };
		DCAD924B22CB9BE20080FBCA /* ListViewPresenter.swift in Sources */ = {isa = PBXBuildFile; fileRef = DCAD924A22CB9BE20080FBCA /* ListViewPresenter.swift */; };
		DCAD924D22CB9C070080FBCA /* MapViewPresenter.swift in Sources */ = {isa = PBXBuildFile; fileRef = DCAD924C22CB9C070080FBCA /* MapViewPresenter.swift */; };
/* End PBXBuildFile section */

/* Begin PBXContainerItemProxy section */
		DCAD922022CB835F0080FBCA /* PBXContainerItemProxy */ = {
			isa = PBXContainerItemProxy;
			containerPortal = DCAD920122CB835C0080FBCA /* Project object */;
			proxyType = 1;
			remoteGlobalIDString = DCAD920822CB835C0080FBCA;
			remoteInfo = SFFoodTrucks;
		};
		DCAD922B22CB835F0080FBCA /* PBXContainerItemProxy */ = {
			isa = PBXContainerItemProxy;
			containerPortal = DCAD920122CB835C0080FBCA /* Project object */;
			proxyType = 1;
			remoteGlobalIDString = DCAD920822CB835C0080FBCA;
			remoteInfo = SFFoodTrucks;
		};
/* End PBXContainerItemProxy section */

/* Begin PBXFileReference section */
		DCAD920922CB835C0080FBCA /* SFFoodTrucks.app */ = {isa = PBXFileReference; explicitFileType = wrapper.application; includeInIndex = 0; path = SFFoodTrucks.app; sourceTree = BUILT_PRODUCTS_DIR; };
		DCAD920C22CB835C0080FBCA /* AppDelegate.swift */ = {isa = PBXFileReference; lastKnownFileType = sourcecode.swift; path = AppDelegate.swift; sourceTree = "<group>"; };
		DCAD921522CB835F0080FBCA /* Assets.xcassets */ = {isa = PBXFileReference; lastKnownFileType = folder.assetcatalog; path = Assets.xcassets; sourceTree = "<group>"; };
		DCAD921822CB835F0080FBCA /* Base */ = {isa = PBXFileReference; lastKnownFileType = file.storyboard; name = Base; path = Base.lproj/LaunchScreen.storyboard; sourceTree = "<group>"; };
		DCAD921A22CB835F0080FBCA /* Info.plist */ = {isa = PBXFileReference; lastKnownFileType = text.plist.xml; path = Info.plist; sourceTree = "<group>"; };
		DCAD921F22CB835F0080FBCA /* SFFoodTrucksTests.xctest */ = {isa = PBXFileReference; explicitFileType = wrapper.cfbundle; includeInIndex = 0; path = SFFoodTrucksTests.xctest; sourceTree = BUILT_PRODUCTS_DIR; };
		DCAD922322CB835F0080FBCA /* SFFoodTrucksTests.swift */ = {isa = PBXFileReference; lastKnownFileType = sourcecode.swift; path = SFFoodTrucksTests.swift; sourceTree = "<group>"; };
		DCAD922522CB835F0080FBCA /* Info.plist */ = {isa = PBXFileReference; lastKnownFileType = text.plist.xml; path = Info.plist; sourceTree = "<group>"; };
		DCAD922A22CB835F0080FBCA /* SFFoodTrucksUITests.xctest */ = {isa = PBXFileReference; explicitFileType = wrapper.cfbundle; includeInIndex = 0; path = SFFoodTrucksUITests.xctest; sourceTree = BUILT_PRODUCTS_DIR; };
		DCAD922E22CB835F0080FBCA /* SFFoodTrucksUITests.swift */ = {isa = PBXFileReference; lastKnownFileType = sourcecode.swift; path = SFFoodTrucksUITests.swift; sourceTree = "<group>"; };
		DCAD923022CB835F0080FBCA /* Info.plist */ = {isa = PBXFileReference; lastKnownFileType = text.plist.xml; path = Info.plist; sourceTree = "<group>"; };
		DCAD923C22CB84DB0080FBCA /* MapViewController.swift */ = {isa = PBXFileReference; lastKnownFileType = sourcecode.swift; path = MapViewController.swift; sourceTree = "<group>"; };
		DCAD923D22CB84DB0080FBCA /* MapViewController.xib */ = {isa = PBXFileReference; lastKnownFileType = file.xib; path = MapViewController.xib; sourceTree = "<group>"; };
		DCAD924022CB84F70080FBCA /* ListViewController.swift */ = {isa = PBXFileReference; lastKnownFileType = sourcecode.swift; path = ListViewController.swift; sourceTree = "<group>"; };
		DCAD924122CB84F70080FBCA /* ListViewController.xib */ = {isa = PBXFileReference; lastKnownFileType = file.xib; path = ListViewController.xib; sourceTree = "<group>"; };
		DCAD924A22CB9BE20080FBCA /* ListViewPresenter.swift */ = {isa = PBXFileReference; lastKnownFileType = sourcecode.swift; path = ListViewPresenter.swift; sourceTree = "<group>"; };
		DCAD924C22CB9C070080FBCA /* MapViewPresenter.swift */ = {isa = PBXFileReference; lastKnownFileType = sourcecode.swift; path = MapViewPresenter.swift; sourceTree = "<group>"; };
/* End PBXFileReference section */

/* Begin PBXFrameworksBuildPhase section */
		DCAD920622CB835C0080FBCA /* Frameworks */ = {
			isa = PBXFrameworksBuildPhase;
			buildActionMask = 2147483647;
			files = (
			);
			runOnlyForDeploymentPostprocessing = 0;
		};
		DCAD921C22CB835F0080FBCA /* Frameworks */ = {
			isa = PBXFrameworksBuildPhase;
			buildActionMask = 2147483647;
			files = (
			);
			runOnlyForDeploymentPostprocessing = 0;
		};
		DCAD922722CB835F0080FBCA /* Frameworks */ = {
			isa = PBXFrameworksBuildPhase;
			buildActionMask = 2147483647;
			files = (
			);
			runOnlyForDeploymentPostprocessing = 0;
		};
/* End PBXFrameworksBuildPhase section */

/* Begin PBXGroup section */
		DCAD920022CB835C0080FBCA = {
			isa = PBXGroup;
			children = (
				DCAD920B22CB835C0080FBCA /* SFFoodTrucks */,
				DCAD922222CB835F0080FBCA /* SFFoodTrucksTests */,
				DCAD922D22CB835F0080FBCA /* SFFoodTrucksUITests */,
				DCAD920A22CB835C0080FBCA /* Products */,
			);
			sourceTree = "<group>";
		};
		DCAD920A22CB835C0080FBCA /* Products */ = {
			isa = PBXGroup;
			children = (
				DCAD920922CB835C0080FBCA /* SFFoodTrucks.app */,
				DCAD921F22CB835F0080FBCA /* SFFoodTrucksTests.xctest */,
				DCAD922A22CB835F0080FBCA /* SFFoodTrucksUITests.xctest */,
			);
			name = Products;
			sourceTree = "<group>";
		};
		DCAD920B22CB835C0080FBCA /* SFFoodTrucks */ = {
			isa = PBXGroup;
			children = (
				DCAD924522CB97DF0080FBCA /* List */,
				DCAD924422CB97B60080FBCA /* Map */,
				DCAD920C22CB835C0080FBCA /* AppDelegate.swift */,
				DCAD921522CB835F0080FBCA /* Assets.xcassets */,
				DCAD921722CB835F0080FBCA /* LaunchScreen.storyboard */,
				DCAD921A22CB835F0080FBCA /* Info.plist */,
			);
			path = SFFoodTrucks;
			sourceTree = "<group>";
		};
		DCAD922222CB835F0080FBCA /* SFFoodTrucksTests */ = {
			isa = PBXGroup;
			children = (
				DCAD922322CB835F0080FBCA /* SFFoodTrucksTests.swift */,
				DCAD922522CB835F0080FBCA /* Info.plist */,
			);
			path = SFFoodTrucksTests;
			sourceTree = "<group>";
		};
		DCAD922D22CB835F0080FBCA /* SFFoodTrucksUITests */ = {
			isa = PBXGroup;
			children = (
				DCAD922E22CB835F0080FBCA /* SFFoodTrucksUITests.swift */,
				DCAD923022CB835F0080FBCA /* Info.plist */,
			);
			path = SFFoodTrucksUITests;
			sourceTree = "<group>";
		};
		DCAD924422CB97B60080FBCA /* Map */ = {
			isa = PBXGroup;
			children = (
				DCAD924922CB9BB70080FBCA /* Presenter */,
				DCAD924722CB9B810080FBCA /* ViewController */,
			);
			path = Map;
			sourceTree = "<group>";
		};
		DCAD924522CB97DF0080FBCA /* List */ = {
			isa = PBXGroup;
			children = (
				DCAD924822CB9BAB0080FBCA /* Presenter */,
				DCAD924622CB9B670080FBCA /* ViewController */,
			);
			path = List;
			sourceTree = "<group>";
		};
		DCAD924622CB9B670080FBCA /* ViewController */ = {
			isa = PBXGroup;
			children = (
				DCAD924022CB84F70080FBCA /* ListViewController.swift */,
				DCAD924122CB84F70080FBCA /* ListViewController.xib */,
			);
			path = ViewController;
			sourceTree = "<group>";
		};
		DCAD924722CB9B810080FBCA /* ViewController */ = {
			isa = PBXGroup;
			children = (
				DCAD923C22CB84DB0080FBCA /* MapViewController.swift */,
				DCAD923D22CB84DB0080FBCA /* MapViewController.xib */,
			);
			path = ViewController;
			sourceTree = "<group>";
		};
		DCAD924822CB9BAB0080FBCA /* Presenter */ = {
			isa = PBXGroup;
			children = (
				DCAD924A22CB9BE20080FBCA /* ListViewPresenter.swift */,
			);
			path = Presenter;
			sourceTree = "<group>";
		};
		DCAD924922CB9BB70080FBCA /* Presenter */ = {
			isa = PBXGroup;
			children = (
				DCAD924C22CB9C070080FBCA /* MapViewPresenter.swift */,
			);
			path = Presenter;
			sourceTree = "<group>";
		};
/* End PBXGroup section */

/* Begin PBXNativeTarget section */
		DCAD920822CB835C0080FBCA /* SFFoodTrucks */ = {
			isa = PBXNativeTarget;
			buildConfigurationList = DCAD923322CB835F0080FBCA /* Build configuration list for PBXNativeTarget "SFFoodTrucks" */;
			buildPhases = (
				DCAD920522CB835C0080FBCA /* Sources */,
				DCAD920622CB835C0080FBCA /* Frameworks */,
				DCAD920722CB835C0080FBCA /* Resources */,
			);
			buildRules = (
			);
			dependencies = (
			);
			name = SFFoodTrucks;
			productName = SFFoodTrucks;
			productReference = DCAD920922CB835C0080FBCA /* SFFoodTrucks.app */;
			productType = "com.apple.product-type.application";
		};
		DCAD921E22CB835F0080FBCA /* SFFoodTrucksTests */ = {
			isa = PBXNativeTarget;
			buildConfigurationList = DCAD923622CB835F0080FBCA /* Build configuration list for PBXNativeTarget "SFFoodTrucksTests" */;
			buildPhases = (
				DCAD921B22CB835F0080FBCA /* Sources */,
				DCAD921C22CB835F0080FBCA /* Frameworks */,
				DCAD921D22CB835F0080FBCA /* Resources */,
			);
			buildRules = (
			);
			dependencies = (
				DCAD922122CB835F0080FBCA /* PBXTargetDependency */,
			);
			name = SFFoodTrucksTests;
			productName = SFFoodTrucksTests;
			productReference = DCAD921F22CB835F0080FBCA /* SFFoodTrucksTests.xctest */;
			productType = "com.apple.product-type.bundle.unit-test";
		};
		DCAD922922CB835F0080FBCA /* SFFoodTrucksUITests */ = {
			isa = PBXNativeTarget;
			buildConfigurationList = DCAD923922CB835F0080FBCA /* Build configuration list for PBXNativeTarget "SFFoodTrucksUITests" */;
			buildPhases = (
				DCAD922622CB835F0080FBCA /* Sources */,
				DCAD922722CB835F0080FBCA /* Frameworks */,
				DCAD922822CB835F0080FBCA /* Resources */,
			);
			buildRules = (
			);
			dependencies = (
				DCAD922C22CB835F0080FBCA /* PBXTargetDependency */,
			);
			name = SFFoodTrucksUITests;
			productName = SFFoodTrucksUITests;
			productReference = DCAD922A22CB835F0080FBCA /* SFFoodTrucksUITests.xctest */;
			productType = "com.apple.product-type.bundle.ui-testing";
		};
/* End PBXNativeTarget section */

/* Begin PBXProject section */
		DCAD920122CB835C0080FBCA /* Project object */ = {
			isa = PBXProject;
			attributes = {
				LastSwiftUpdateCheck = 1020;
				LastUpgradeCheck = 1020;
				ORGANIZATIONNAME = "Mithra Singam";
				TargetAttributes = {
					DCAD920822CB835C0080FBCA = {
						CreatedOnToolsVersion = 10.2.1;
					};
					DCAD921E22CB835F0080FBCA = {
						CreatedOnToolsVersion = 10.2.1;
						TestTargetID = DCAD920822CB835C0080FBCA;
					};
					DCAD922922CB835F0080FBCA = {
						CreatedOnToolsVersion = 10.2.1;
						TestTargetID = DCAD920822CB835C0080FBCA;
					};
				};
			};
			buildConfigurationList = DCAD920422CB835C0080FBCA /* Build configuration list for PBXProject "SFFoodTrucks" */;
			compatibilityVersion = "Xcode 9.3";
			developmentRegion = en;
			hasScannedForEncodings = 0;
			knownRegions = (
				en,
				Base,
			);
			mainGroup = DCAD920022CB835C0080FBCA;
			productRefGroup = DCAD920A22CB835C0080FBCA /* Products */;
			projectDirPath = "";
			projectRoot = "";
			targets = (
				DCAD920822CB835C0080FBCA /* SFFoodTrucks */,
				DCAD921E22CB835F0080FBCA /* SFFoodTrucksTests */,
				DCAD922922CB835F0080FBCA /* SFFoodTrucksUITests */,
			);
		};
/* End PBXProject section */

/* Begin PBXResourcesBuildPhase section */
		DCAD920722CB835C0080FBCA /* Resources */ = {
			isa = PBXResourcesBuildPhase;
			buildActionMask = 2147483647;
			files = (
				DCAD921922CB835F0080FBCA /* LaunchScreen.storyboard in Resources */,
				DCAD921622CB835F0080FBCA /* Assets.xcassets in Resources */,
				DCAD924322CB84F70080FBCA /* ListViewController.xib in Resources */,
				DCAD923F22CB84DB0080FBCA /* MapViewController.xib in Resources */,
			);
			runOnlyForDeploymentPostprocessing = 0;
		};
		DCAD921D22CB835F0080FBCA /* Resources */ = {
			isa = PBXResourcesBuildPhase;
			buildActionMask = 2147483647;
			files = (
			);
			runOnlyForDeploymentPostprocessing = 0;
		};
		DCAD922822CB835F0080FBCA /* Resources */ = {
			isa = PBXResourcesBuildPhase;
			buildActionMask = 2147483647;
			files = (
			);
			runOnlyForDeploymentPostprocessing = 0;
		};
/* End PBXResourcesBuildPhase section */

/* Begin PBXSourcesBuildPhase section */
		DCAD920522CB835C0080FBCA /* Sources */ = {
			isa = PBXSourcesBuildPhase;
			buildActionMask = 2147483647;
			files = (
				DCAD924D22CB9C070080FBCA /* MapViewPresenter.swift in Sources */,
				DCAD920D22CB835C0080FBCA /* AppDelegate.swift in Sources */,
				DCAD924B22CB9BE20080FBCA /* ListViewPresenter.swift in Sources */,
				DCAD923E22CB84DB0080FBCA /* MapViewController.swift in Sources */,
				DCAD924222CB84F70080FBCA /* ListViewController.swift in Sources */,
			);
			runOnlyForDeploymentPostprocessing = 0;
		};
		DCAD921B22CB835F0080FBCA /* Sources */ = {
			isa = PBXSourcesBuildPhase;
			buildActionMask = 2147483647;
			files = (
				DCAD922422CB835F0080FBCA /* SFFoodTrucksTests.swift in Sources */,
			);
			runOnlyForDeploymentPostprocessing = 0;
		};
		DCAD922622CB835F0080FBCA /* Sources */ = {
			isa = PBXSourcesBuildPhase;
			buildActionMask = 2147483647;
			files = (
				DCAD922F22CB835F0080FBCA /* SFFoodTrucksUITests.swift in Sources */,
			);
			runOnlyForDeploymentPostprocessing = 0;
		};
/* End PBXSourcesBuildPhase section */

/* Begin PBXTargetDependency section */
		DCAD922122CB835F0080FBCA /* PBXTargetDependency */ = {
			isa = PBXTargetDependency;
			target = DCAD920822CB835C0080FBCA /* SFFoodTrucks */;
			targetProxy = DCAD922022CB835F0080FBCA /* PBXContainerItemProxy */;
		};
		DCAD922C22CB835F0080FBCA /* PBXTargetDependency */ = {
			isa = PBXTargetDependency;
			target = DCAD920822CB835C0080FBCA /* SFFoodTrucks */;
			targetProxy = DCAD922B22CB835F0080FBCA /* PBXContainerItemProxy */;
		};
/* End PBXTargetDependency section */

/* Begin PBXVariantGroup section */
		DCAD921722CB835F0080FBCA /* LaunchScreen.storyboard */ = {
			isa = PBXVariantGroup;
			children = (
				DCAD921822CB835F0080FBCA /* Base */,
			);
			name = LaunchScreen.storyboard;
			sourceTree = "<group>";
		};
/* End PBXVariantGroup section */

/* Begin XCBuildConfiguration section */
		DCAD923122CB835F0080FBCA /* Debug */ = {
			isa = XCBuildConfiguration;
			buildSettings = {
				ALWAYS_SEARCH_USER_PATHS = NO;
				CLANG_ANALYZER_NONNULL = YES;
				CLANG_ANALYZER_NUMBER_OBJECT_CONVERSION = YES_AGGRESSIVE;
				CLANG_CXX_LANGUAGE_STANDARD = "gnu++14";
				CLANG_CXX_LIBRARY = "libc++";
				CLANG_ENABLE_MODULES = YES;
				CLANG_ENABLE_OBJC_ARC = YES;
				CLANG_ENABLE_OBJC_WEAK = YES;
				CLANG_WARN_BLOCK_CAPTURE_AUTORELEASING = YES;
				CLANG_WARN_BOOL_CONVERSION = YES;
				CLANG_WARN_COMMA = YES;
				CLANG_WARN_CONSTANT_CONVERSION = YES;
				CLANG_WARN_DEPRECATED_OBJC_IMPLEMENTATIONS = YES;
				CLANG_WARN_DIRECT_OBJC_ISA_USAGE = YES_ERROR;
				CLANG_WARN_DOCUMENTATION_COMMENTS = YES;
				CLANG_WARN_EMPTY_BODY = YES;
				CLANG_WARN_ENUM_CONVERSION = YES;
				CLANG_WARN_INFINITE_RECURSION = YES;
				CLANG_WARN_INT_CONVERSION = YES;
				CLANG_WARN_NON_LITERAL_NULL_CONVERSION = YES;
				CLANG_WARN_OBJC_IMPLICIT_RETAIN_SELF = YES;
				CLANG_WARN_OBJC_LITERAL_CONVERSION = YES;
				CLANG_WARN_OBJC_ROOT_CLASS = YES_ERROR;
				CLANG_WARN_RANGE_LOOP_ANALYSIS = YES;
				CLANG_WARN_STRICT_PROTOTYPES = YES;
				CLANG_WARN_SUSPICIOUS_MOVE = YES;
				CLANG_WARN_UNGUARDED_AVAILABILITY = YES_AGGRESSIVE;
				CLANG_WARN_UNREACHABLE_CODE = YES;
				CLANG_WARN__DUPLICATE_METHOD_MATCH = YES;
				CODE_SIGN_IDENTITY = "iPhone Developer";
				COPY_PHASE_STRIP = NO;
				DEBUG_INFORMATION_FORMAT = dwarf;
				ENABLE_STRICT_OBJC_MSGSEND = YES;
				ENABLE_TESTABILITY = YES;
				GCC_C_LANGUAGE_STANDARD = gnu11;
				GCC_DYNAMIC_NO_PIC = NO;
				GCC_NO_COMMON_BLOCKS = YES;
				GCC_OPTIMIZATION_LEVEL = 0;
				GCC_PREPROCESSOR_DEFINITIONS = (
					"DEBUG=1",
					"$(inherited)",
				);
				GCC_WARN_64_TO_32_BIT_CONVERSION = YES;
				GCC_WARN_ABOUT_RETURN_TYPE = YES_ERROR;
				GCC_WARN_UNDECLARED_SELECTOR = YES;
				GCC_WARN_UNINITIALIZED_AUTOS = YES_AGGRESSIVE;
				GCC_WARN_UNUSED_FUNCTION = YES;
				GCC_WARN_UNUSED_VARIABLE = YES;
				IPHONEOS_DEPLOYMENT_TARGET = 12.2;
				MTL_ENABLE_DEBUG_INFO = INCLUDE_SOURCE;
				MTL_FAST_MATH = YES;
				ONLY_ACTIVE_ARCH = YES;
				SDKROOT = iphoneos;
				SWIFT_ACTIVE_COMPILATION_CONDITIONS = DEBUG;
				SWIFT_OPTIMIZATION_LEVEL = "-Onone";
			};
			name = Debug;
		};
		DCAD923222CB835F0080FBCA /* Release */ = {
			isa = XCBuildConfiguration;
			buildSettings = {
				ALWAYS_SEARCH_USER_PATHS = NO;
				CLANG_ANALYZER_NONNULL = YES;
				CLANG_ANALYZER_NUMBER_OBJECT_CONVERSION = YES_AGGRESSIVE;
				CLANG_CXX_LANGUAGE_STANDARD = "gnu++14";
				CLANG_CXX_LIBRARY = "libc++";
				CLANG_ENABLE_MODULES = YES;
				CLANG_ENABLE_OBJC_ARC = YES;
				CLANG_ENABLE_OBJC_WEAK = YES;
				CLANG_WARN_BLOCK_CAPTURE_AUTORELEASING = YES;
				CLANG_WARN_BOOL_CONVERSION = YES;
				CLANG_WARN_COMMA = YES;
				CLANG_WARN_CONSTANT_CONVERSION = YES;
				CLANG_WARN_DEPRECATED_OBJC_IMPLEMENTATIONS = YES;
				CLANG_WARN_DIRECT_OBJC_ISA_USAGE = YES_ERROR;
				CLANG_WARN_DOCUMENTATION_COMMENTS = YES;
				CLANG_WARN_EMPTY_BODY = YES;
				CLANG_WARN_ENUM_CONVERSION = YES;
				CLANG_WARN_INFINITE_RECURSION = YES;
				CLANG_WARN_INT_CONVERSION = YES;
				CLANG_WARN_NON_LITERAL_NULL_CONVERSION = YES;
				CLANG_WARN_OBJC_IMPLICIT_RETAIN_SELF = YES;
				CLANG_WARN_OBJC_LITERAL_CONVERSION = YES;
				CLANG_WARN_OBJC_ROOT_CLASS = YES_ERROR;
				CLANG_WARN_RANGE_LOOP_ANALYSIS = YES;
				CLANG_WARN_STRICT_PROTOTYPES = YES;
				CLANG_WARN_SUSPICIOUS_MOVE = YES;
				CLANG_WARN_UNGUARDED_AVAILABILITY = YES_AGGRESSIVE;
				CLANG_WARN_UNREACHABLE_CODE = YES;
				CLANG_WARN__DUPLICATE_METHOD_MATCH = YES;
				CODE_SIGN_IDENTITY = "iPhone Developer";
				COPY_PHASE_STRIP = NO;
				DEBUG_INFORMATION_FORMAT = "dwarf-with-dsym";
				ENABLE_NS_ASSERTIONS = NO;
				ENABLE_STRICT_OBJC_MSGSEND = YES;
				GCC_C_LANGUAGE_STANDARD = gnu11;
				GCC_NO_COMMON_BLOCKS = YES;
				GCC_WARN_64_TO_32_BIT_CONVERSION = YES;
				GCC_WARN_ABOUT_RETURN_TYPE = YES_ERROR;
				GCC_WARN_UNDECLARED_SELECTOR = YES;
				GCC_WARN_UNINITIALIZED_AUTOS = YES_AGGRESSIVE;
				GCC_WARN_UNUSED_FUNCTION = YES;
				GCC_WARN_UNUSED_VARIABLE = YES;
				IPHONEOS_DEPLOYMENT_TARGET = 12.2;
				MTL_ENABLE_DEBUG_INFO = NO;
				MTL_FAST_MATH = YES;
				SDKROOT = iphoneos;
				SWIFT_COMPILATION_MODE = wholemodule;
				SWIFT_OPTIMIZATION_LEVEL = "-O";
				VALIDATE_PRODUCT = YES;
			};
			name = Release;
		};
		DCAD923422CB835F0080FBCA /* Debug */ = {
			isa = XCBuildConfiguration;
			buildSettings = {
				ASSETCATALOG_COMPILER_APPICON_NAME = AppIcon;
				CODE_SIGN_STYLE = Automatic;
				DEVELOPMENT_TEAM = W4BH29CFNC;
				INFOPLIST_FILE = SFFoodTrucks/Info.plist;
				LD_RUNPATH_SEARCH_PATHS = (
					"$(inherited)",
					"@executable_path/Frameworks",
				);
				PRODUCT_BUNDLE_IDENTIFIER = com.saffran.saffranExt.SFFoodTrucks;
				PRODUCT_NAME = "$(TARGET_NAME)";
				SWIFT_VERSION = 5.0;
				TARGETED_DEVICE_FAMILY = "1,2";
			};
			name = Debug;
		};
		DCAD923522CB835F0080FBCA /* Release */ = {
			isa = XCBuildConfiguration;
			buildSettings = {
				ASSETCATALOG_COMPILER_APPICON_NAME = AppIcon;
				CODE_SIGN_STYLE = Automatic;
				DEVELOPMENT_TEAM = W4BH29CFNC;
				INFOPLIST_FILE = SFFoodTrucks/Info.plist;
				LD_RUNPATH_SEARCH_PATHS = (
					"$(inherited)",
					"@executable_path/Frameworks",
				);
				PRODUCT_BUNDLE_IDENTIFIER = com.saffran.saffranExt.SFFoodTrucks;
				PRODUCT_NAME = "$(TARGET_NAME)";
				SWIFT_VERSION = 5.0;
				TARGETED_DEVICE_FAMILY = "1,2";
			};
			name = Release;
		};
		DCAD923722CB835F0080FBCA /* Debug */ = {
			isa = XCBuildConfiguration;
			buildSettings = {
				ALWAYS_EMBED_SWIFT_STANDARD_LIBRARIES = YES;
				BUNDLE_LOADER = "$(TEST_HOST)";
				CODE_SIGN_STYLE = Automatic;
				DEVELOPMENT_TEAM = W4BH29CFNC;
				INFOPLIST_FILE = SFFoodTrucksTests/Info.plist;
				LD_RUNPATH_SEARCH_PATHS = (
					"$(inherited)",
					"@executable_path/Frameworks",
					"@loader_path/Frameworks",
				);
				PRODUCT_BUNDLE_IDENTIFIER = com.saffran.saffranExt.SFFoodTrucksTests;
				PRODUCT_NAME = "$(TARGET_NAME)";
				SWIFT_VERSION = 5.0;
				TARGETED_DEVICE_FAMILY = "1,2";
				TEST_HOST = "$(BUILT_PRODUCTS_DIR)/SFFoodTrucks.app/SFFoodTrucks";
			};
			name = Debug;
		};
		DCAD923822CB835F0080FBCA /* Release */ = {
			isa = XCBuildConfiguration;
			buildSettings = {
				ALWAYS_EMBED_SWIFT_STANDARD_LIBRARIES = YES;
				BUNDLE_LOADER = "$(TEST_HOST)";
				CODE_SIGN_STYLE = Automatic;
				DEVELOPMENT_TEAM = W4BH29CFNC;
				INFOPLIST_FILE = SFFoodTrucksTests/Info.plist;
				LD_RUNPATH_SEARCH_PATHS = (
					"$(inherited)",
					"@executable_path/Frameworks",
					"@loader_path/Frameworks",
				);
				PRODUCT_BUNDLE_IDENTIFIER = com.saffran.saffranExt.SFFoodTrucksTests;
				PRODUCT_NAME = "$(TARGET_NAME)";
				SWIFT_VERSION = 5.0;
				TARGETED_DEVICE_FAMILY = "1,2";
				TEST_HOST = "$(BUILT_PRODUCTS_DIR)/SFFoodTrucks.app/SFFoodTrucks";
			};
			name = Release;
		};
		DCAD923A22CB835F0080FBCA /* Debug */ = {
			isa = XCBuildConfiguration;
			buildSettings = {
				ALWAYS_EMBED_SWIFT_STANDARD_LIBRARIES = YES;
				CODE_SIGN_STYLE = Automatic;
				DEVELOPMENT_TEAM = W4BH29CFNC;
				INFOPLIST_FILE = SFFoodTrucksUITests/Info.plist;
				LD_RUNPATH_SEARCH_PATHS = (
					"$(inherited)",
					"@executable_path/Frameworks",
					"@loader_path/Frameworks",
				);
				PRODUCT_BUNDLE_IDENTIFIER = com.saffran.saffranExt.SFFoodTrucksUITests;
				PRODUCT_NAME = "$(TARGET_NAME)";
				SWIFT_VERSION = 5.0;
				TARGETED_DEVICE_FAMILY = "1,2";
				TEST_TARGET_NAME = SFFoodTrucks;
			};
			name = Debug;
		};
		DCAD923B22CB835F0080FBCA /* Release */ = {
			isa = XCBuildConfiguration;
			buildSettings = {
				ALWAYS_EMBED_SWIFT_STANDARD_LIBRARIES = YES;
				CODE_SIGN_STYLE = Automatic;
				DEVELOPMENT_TEAM = W4BH29CFNC;
				INFOPLIST_FILE = SFFoodTrucksUITests/Info.plist;
				LD_RUNPATH_SEARCH_PATHS = (
					"$(inherited)",
					"@executable_path/Frameworks",
					"@loader_path/Frameworks",
				);
				PRODUCT_BUNDLE_IDENTIFIER = com.saffran.saffranExt.SFFoodTrucksUITests;
				PRODUCT_NAME = "$(TARGET_NAME)";
				SWIFT_VERSION = 5.0;
				TARGETED_DEVICE_FAMILY = "1,2";
				TEST_TARGET_NAME = SFFoodTrucks;
			};
			name = Release;
		};
/* End XCBuildConfiguration section */

/* Begin XCConfigurationList section */
		DCAD920422CB835C0080FBCA /* Build configuration list for PBXProject "SFFoodTrucks" */ = {
			isa = XCConfigurationList;
			buildConfigurations = (
				DCAD923122CB835F0080FBCA /* Debug */,
				DCAD923222CB835F0080FBCA /* Release */,
			);
			defaultConfigurationIsVisible = 0;
			defaultConfigurationName = Release;
		};
		DCAD923322CB835F0080FBCA /* Build configuration list for PBXNativeTarget "SFFoodTrucks" */ = {
			isa = XCConfigurationList;
			buildConfigurations = (
				DCAD923422CB835F0080FBCA /* Debug */,
				DCAD923522CB835F0080FBCA /* Release */,
			);
			defaultConfigurationIsVisible = 0;
			defaultConfigurationName = Release;
		};
		DCAD923622CB835F0080FBCA /* Build configuration list for PBXNativeTarget "SFFoodTrucksTests" */ = {
			isa = XCConfigurationList;
			buildConfigurations = (
				DCAD923722CB835F0080FBCA /* Debug */,
				DCAD923822CB835F0080FBCA /* Release */,
			);
			defaultConfigurationIsVisible = 0;
			defaultConfigurationName = Release;
		};
		DCAD923922CB835F0080FBCA /* Build configuration list for PBXNativeTarget "SFFoodTrucksUITests" */ = {
			isa = XCConfigurationList;
			buildConfigurations = (
				DCAD923A22CB835F0080FBCA /* Debug */,
				DCAD923B22CB835F0080FBCA /* Release */,
			);
			defaultConfigurationIsVisible = 0;
			defaultConfigurationName = Release;
		};
/* End XCConfigurationList section */
	};
	rootObject = DCAD920122CB835C0080FBCA /* Project object */;
}
